
Microsoft Visual Studio Solution File, Format Version 12.00
Project("{FAE04EC0-301F-11D3-BF4B-00C04F79EFBC}") = "Silk", "Silk\Silk.csproj", "{444D328F-6C09-47CA-BD20-3EE577686A98}"
EndProject
Global
	GlobalSection(SolutionConfigurationPlatforms) = preSolution
		Debug|Any CPU = Debug|Any CPU
		Release|Any CPU = Release|Any CPU
	EndGlobalSection
	GlobalSection(ProjectConfigurationPlatforms) = postSolution
		{444D328F-6C09-47CA-BD20-3EE577686A98}.Debug|Any CPU.ActiveCfg = Debug|Any CPU
		{444D328F-6C09-47CA-BD20-3EE577686A98}.Debug|Any CPU.Build.0 = Debug|Any CPU
		{444D328F-6C09-47CA-BD20-3EE577686A98}.Release|Any CPU.ActiveCfg = Release|Any CPU
		{444D328F-6C09-47CA-BD20-3EE577686A98}.Release|Any CPU.Build.0 = Release|Any CPU
	EndGlobalSection
EndGlobal
